# THIS IS AN AUTOGENERATED FILE. DO NOT EDIT THIS FILE DIRECTLY.
# yarn lockfile v1


binaryextensions@^6.11.0:
  version "6.11.0"
  resolved "https://registry.yarnpkg.com/binaryextensions/-/binaryextensions-6.11.0.tgz#c36b3e6b5c59e621605709b099cda8dda824cc72"
  integrity sha512-sXnYK/Ij80TO3lcqZVV2YgfKN5QjUWIRk/XSm2J/4bd/lPko3lvk0O4ZppH6m+6hB2/GTu+ptNwVFe1xh+QLQw==
  dependencies:
    editions "^6.21.0"

editions@^6.21.0:
  version "6.21.0"
  resolved "https://registry.yarnpkg.com/editions/-/editions-6.21.0.tgz#8da2d85611106e0891a72619b7bee8e0c830089b"
  integrity sha512-ofkXJtn7z0urokN62DI3SBo/5xAtF0rR7tn+S/bSYV79Ka8pTajIIl+fFQ1q88DQEImymmo97M4azY3WX/nUdg==
  dependencies:
    version-range "^4.13.0"

istextorbinary@^9.5.0:
  version "9.5.0"
  resolved "https://registry.yarnpkg.com/istextorbinary/-/istextorbinary-9.5.0.tgz#e6e13febf1c1685100ae264809a4f8f46e01dfd3"
  integrity sha512-5mbUj3SiZXCuRf9fT3ibzbSSEWiy63gFfksmGfdOzujPjW3k+z8WvIBxcJHBoQNlaZaiyB25deviif2+osLmLw==
  dependencies:
    binaryextensions "^6.11.0"
    editions "^6.21.0"
    textextensions "^6.11.0"

textextensions@^6.11.0:
  version "6.11.0"
  resolved "https://registry.yarnpkg.com/textextensions/-/textextensions-6.11.0.tgz#864535d09f49026150c96f0b0d79f1fa0869db15"
  integrity sha512-tXJwSr9355kFJI3lbCkPpUH5cP8/M0GGy2xLO34aZCjMXBaK3SoPnZwr/oWmo1FdCnELcs4npdCIOFtq9W3ruQ==
  dependencies:
    editions "^6.21.0"

typescript@4.8.4:
  version "4.8.4"
  resolved "https://registry.yarnpkg.com/typescript/-/typescript-4.8.4.tgz#c464abca159669597be5f96b8943500b238e60e6"
  integrity sha512-QCh+85mCy+h0IGff8r5XWzOVSbBO+KfeYrMQh7NJ58QujwcE22u+NUSmUxqF+un70P9GXKxa2HCNiTTMJknyjQ==

version-range@^4.13.0:
  version "4.14.0"
  resolved "https://registry.yarnpkg.com/version-range/-/version-range-4.14.0.tgz#91c12e4665756a9101d1af43faeda399abe0edec"
  integrity sha512-gjb0ARm9qlcBAonU4zPwkl9ecKkas+tC2CGwFfptTCWWIVTWY1YUbT2zZKsOAF1jR/tNxxyLwwG0cb42XlYcTg==
